// !$*UTF8*$!
{
	archiveVersion = 1;
	classes = {
	};
	objectVersion = 55;
	objects = {

/* Begin PBXBuildFile section */
		8E00FDFB2828C77900190DF2 /* CGGamesApp.swift in Sources */ = {isa = PBXBuildFile; fileRef = 8E00FDFA2828C77900190DF2 /* CGGamesApp.swift */; };
		8E00FDFD2828C77900190DF2 /* ContentView.swift in Sources */ = {isa = PBXBuildFile; fileRef = 8E00FDFC2828C77900190DF2 /* ContentView.swift */; };
		8E00FDFF2828C77900190DF2 /* Assets.xcassets in Resources */ = {isa = PBXBuildFile; fileRef = 8E00FDFE2828C77900190DF2 /* Assets.xcassets */; };
		8E00FE022828C77900190DF2 /* Preview Assets.xcassets in Resources */ = {isa = PBXBuildFile; fileRef = 8E00FE012828C77900190DF2 /* Preview Assets.xcassets */; };
		8E00FE0C2828C77900190DF2 /* CGGamesTests.swift in Sources */ = {isa = PBXBuildFile; fileRef = 8E00FE0B2828C77900190DF2 /* CGGamesTests.swift */; };
		8E00FE162828C77900190DF2 /* CGGamesUITests.swift in Sources */ = {isa = PBXBuildFile; fileRef = 8E00FE152828C77900190DF2 /* CGGamesUITests.swift */; };
		8E00FE182828C77900190DF2 /* CGGamesUITestsLaunchTests.swift in Sources */ = {isa = PBXBuildFile; fileRef = 8E00FE172828C77900190DF2 /* CGGamesUITestsLaunchTests.swift */; };
		8E00FE252828C83D00190DF2 /* GamesViewModel.swift in Sources */ = {isa = PBXBuildFile; fileRef = 8E00FE242828C83D00190DF2 /* GamesViewModel.swift */; };
		8E00FE272828CBC700190DF2 /* GameRowView.swift in Sources */ = {isa = PBXBuildFile; fileRef = 8E00FE262828CBC700190DF2 /* GameRowView.swift */; };
		8E00FE2A2828CE1400190DF2 /* Game.swift in Sources */ = {isa = PBXBuildFile; fileRef = 8E00FE292828CE1400190DF2 /* Game.swift */; };
		8E281B102AE8CA8800EAC824 /* ComposableArchitecture in Frameworks */ = {isa = PBXBuildFile; productRef = 8E281B0F2AE8CA8800EAC824 /* ComposableArchitecture */; };
		8E281B122AE8CABB00EAC824 /* GameFeature.swift in Sources */ = {isa = PBXBuildFile; fileRef = 8E281B112AE8CABB00EAC824 /* GameFeature.swift */; };
		8E7C755B282B30660016067A /* GamePlatform.swift in Sources */ = {isa = PBXBuildFile; fileRef = 8E7C755A282B30660016067A /* GamePlatform.swift */; };
		8E7C755E282B36CD0016067A /* GamePlatformsView.swift in Sources */ = {isa = PBXBuildFile; fileRef = 8E7C755D282B36CD0016067A /* GamePlatformsView.swift */; };
		8E7C7563282B3C9C0016067A /* ProfileView.swift in Sources */ = {isa = PBXBuildFile; fileRef = 8E7C7562282B3C9C0016067A /* ProfileView.swift */; };
		8E7C7566282B44F60016067A /* StatefulTabView in Frameworks */ = {isa = PBXBuildFile; productRef = 8E7C7565282B44F60016067A /* StatefulTabView */; };
		8E7C7568282B4DAC0016067A /* GameCreator.swift in Sources */ = {isa = PBXBuildFile; fileRef = 8E7C7567282B4DAC0016067A /* GameCreator.swift */; };
		8E7C756A282B4F150016067A /* GabeNewell.json in Resources */ = {isa = PBXBuildFile; fileRef = 8E7C7569282B4F150016067A /* GabeNewell.json */; };
		8E7C756F282B4FF40016067A /* JsonParser.swift in Sources */ = {isa = PBXBuildFile; fileRef = 8E7C756E282B4FF40016067A /* JsonParser.swift */; };
		8E7C7571282B53380016067A /* ProfileViewModel.swift in Sources */ = {isa = PBXBuildFile; fileRef = 8E7C7570282B53380016067A /* ProfileViewModel.swift */; };
		8EBE42AA2828D9FF0095767A /* AppConfig.swift in Sources */ = {isa = PBXBuildFile; fileRef = 8EBE42A92828D9FF0095767A /* AppConfig.swift */; };
		8EBE42AD2828DB230095767A /* GameService.swift in Sources */ = {isa = PBXBuildFile; fileRef = 8EBE42AC2828DB230095767A /* GameService.swift */; };
		8EBE42AF2828DCFE0095767A /* GamePlatformResponse.swift in Sources */ = {isa = PBXBuildFile; fileRef = 8EBE42AE2828DCFE0095767A /* GamePlatformResponse.swift */; };
		8ED632A4282C132700015725 /* Rawg-Info.plist in Resources */ = {isa = PBXBuildFile; fileRef = 8ED632A3282C132700015725 /* Rawg-Info.plist */; };
/* End PBXBuildFile section */

/* Begin PBXContainerItemProxy section */
		8E00FE082828C77900190DF2 /* PBXContainerItemProxy */ = {
			isa = PBXContainerItemProxy;
			containerPortal = 8E00FDEF2828C77900190DF2 /* Project object */;
			proxyType = 1;
			remoteGlobalIDString = 8E00FDF62828C77900190DF2;
			remoteInfo = CGGames;
		};
		8E00FE122828C77900190DF2 /* PBXContainerItemProxy */ = {
			isa = PBXContainerItemProxy;
			containerPortal = 8E00FDEF2828C77900190DF2 /* Project object */;
			proxyType = 1;
			remoteGlobalIDString = 8E00FDF62828C77900190DF2;
			remoteInfo = CGGames;
		};
/* End PBXContainerItemProxy section */

/* Begin PBXFileReference section */
		8E00FDF72828C77900190DF2 /* CGGames.app */ = {isa = PBXFileReference; explicitFileType = wrapper.application; includeInIndex = 0; path = CGGames.app; sourceTree = BUILT_PRODUCTS_DIR; };
		8E00FDFA2828C77900190DF2 /* CGGamesApp.swift */ = {isa = PBXFileReference; lastKnownFileType = sourcecode.swift; path = CGGamesApp.swift; sourceTree = "<group>"; };
		8E00FDFC2828C77900190DF2 /* ContentView.swift */ = {isa = PBXFileReference; lastKnownFileType = sourcecode.swift; path = ContentView.swift; sourceTree = "<group>"; };
		8E00FDFE2828C77900190DF2 /* Assets.xcassets */ = {isa = PBXFileReference; lastKnownFileType = folder.assetcatalog; path = Assets.xcassets; sourceTree = "<group>"; };
		8E00FE012828C77900190DF2 /* Preview Assets.xcassets */ = {isa = PBXFileReference; lastKnownFileType = folder.assetcatalog; path = "Preview Assets.xcassets"; sourceTree = "<group>"; };
		8E00FE072828C77900190DF2 /* CGGamesTests.xctest */ = {isa = PBXFileReference; explicitFileType = wrapper.cfbundle; includeInIndex = 0; path = CGGamesTests.xctest; sourceTree = BUILT_PRODUCTS_DIR; };
		8E00FE0B2828C77900190DF2 /* CGGamesTests.swift */ = {isa = PBXFileReference; lastKnownFileType = sourcecode.swift; path = CGGamesTests.swift; sourceTree = "<group>"; };
		8E00FE112828C77900190DF2 /* CGGamesUITests.xctest */ = {isa = PBXFileReference; explicitFileType = wrapper.cfbundle; includeInIndex = 0; path = CGGamesUITests.xctest; sourceTree = BUILT_PRODUCTS_DIR; };
		8E00FE152828C77900190DF2 /* CGGamesUITests.swift */ = {isa = PBXFileReference; lastKnownFileType = sourcecode.swift; path = CGGamesUITests.swift; sourceTree = "<group>"; };
		8E00FE172828C77900190DF2 /* CGGamesUITestsLaunchTests.swift */ = {isa = PBXFileReference; lastKnownFileType = sourcecode.swift; path = CGGamesUITestsLaunchTests.swift; sourceTree = "<group>"; };
		8E00FE242828C83D00190DF2 /* GamesViewModel.swift */ = {isa = PBXFileReference; lastKnownFileType = sourcecode.swift; path = GamesViewModel.swift; sourceTree = "<group>"; };
		8E00FE262828CBC700190DF2 /* GameRowView.swift */ = {isa = PBXFileReference; lastKnownFileType = sourcecode.swift; path = GameRowView.swift; sourceTree = "<group>"; };
		8E00FE292828CE1400190DF2 /* Game.swift */ = {isa = PBXFileReference; lastKnownFileType = sourcecode.swift; path = Game.swift; sourceTree = "<group>"; };
		8E281B112AE8CABB00EAC824 /* GameFeature.swift */ = {isa = PBXFileReference; lastKnownFileType = sourcecode.swift; path = GameFeature.swift; sourceTree = "<group>"; };
		8E7C755A282B30660016067A /* GamePlatform.swift */ = {isa = PBXFileReference; lastKnownFileType = sourcecode.swift; path = GamePlatform.swift; sourceTree = "<group>"; };
		8E7C755D282B36CD0016067A /* GamePlatformsView.swift */ = {isa = PBXFileReference; lastKnownFileType = sourcecode.swift; path = GamePlatformsView.swift; sourceTree = "<group>"; };
		8E7C7562282B3C9C0016067A /* ProfileView.swift */ = {isa = PBXFileReference; lastKnownFileType = sourcecode.swift; path = ProfileView.swift; sourceTree = "<group>"; };
		8E7C7567282B4DAC0016067A /* GameCreator.swift */ = {isa = PBXFileReference; lastKnownFileType = sourcecode.swift; path = GameCreator.swift; sourceTree = "<group>"; };
		8E7C7569282B4F150016067A /* GabeNewell.json */ = {isa = PBXFileReference; lastKnownFileType = text.json; path = GabeNewell.json; sourceTree = "<group>"; };
		8E7C756E282B4FF40016067A /* JsonParser.swift */ = {isa = PBXFileReference; lastKnownFileType = sourcecode.swift; path = JsonParser.swift; sourceTree = "<group>"; };
		8E7C7570282B53380016067A /* ProfileViewModel.swift */ = {isa = PBXFileReference; lastKnownFileType = sourcecode.swift; path = ProfileViewModel.swift; sourceTree = "<group>"; };
		8EBE42A92828D9FF0095767A /* AppConfig.swift */ = {isa = PBXFileReference; lastKnownFileType = sourcecode.swift; path = AppConfig.swift; sourceTree = "<group>"; };
		8EBE42AC2828DB230095767A /* GameService.swift */ = {isa = PBXFileReference; lastKnownFileType = sourcecode.swift; path = GameService.swift; sourceTree = "<group>"; };
		8EBE42AE2828DCFE0095767A /* GamePlatformResponse.swift */ = {isa = PBXFileReference; lastKnownFileType = sourcecode.swift; path = GamePlatformResponse.swift; sourceTree = "<group>"; };
		8ED632A3282C132700015725 /* Rawg-Info.plist */ = {isa = PBXFileReference; lastKnownFileType = text.plist.xml; path = "Rawg-Info.plist"; sourceTree = "<group>"; };
/* End PBXFileReference section */

/* Begin PBXFrameworksBuildPhase section */
		8E00FDF42828C77900190DF2 /* Frameworks */ = {
			isa = PBXFrameworksBuildPhase;
			buildActionMask = 2147483647;
			files = (
				8E281B102AE8CA8800EAC824 /* ComposableArchitecture in Frameworks */,
				8E7C7566282B44F60016067A /* StatefulTabView in Frameworks */,
			);
			runOnlyForDeploymentPostprocessing = 0;
		};
		8E00FE042828C77900190DF2 /* Frameworks */ = {
			isa = PBXFrameworksBuildPhase;
			buildActionMask = 2147483647;
			files = (
			);
			runOnlyForDeploymentPostprocessing = 0;
		};
		8E00FE0E2828C77900190DF2 /* Frameworks */ = {
			isa = PBXFrameworksBuildPhase;
			buildActionMask = 2147483647;
			files = (
			);
			runOnlyForDeploymentPostprocessing = 0;
		};
/* End PBXFrameworksBuildPhase section */

/* Begin PBXGroup section */
		8E00FDEE2828C77900190DF2 = {
			isa = PBXGroup;
			children = (
				8E00FDF92828C77900190DF2 /* CGGames */,
				8E00FE0A2828C77900190DF2 /* CGGamesTests */,
				8E00FE142828C77900190DF2 /* CGGamesUITests */,
				8E00FDF82828C77900190DF2 /* Products */,
				8ED632A3282C132700015725 /* Rawg-Info.plist */,
			);
			sourceTree = "<group>";
		};
		8E00FDF82828C77900190DF2 /* Products */ = {
			isa = PBXGroup;
			children = (
				8E00FDF72828C77900190DF2 /* CGGames.app */,
				8E00FE072828C77900190DF2 /* CGGamesTests.xctest */,
				8E00FE112828C77900190DF2 /* CGGamesUITests.xctest */,
			);
			name = Products;
			sourceTree = "<group>";
		};
		8E00FDF92828C77900190DF2 /* CGGames */ = {
			isa = PBXGroup;
			children = (
				8E00FDFE2828C77900190DF2 /* Assets.xcassets */,
				8E00FDFA2828C77900190DF2 /* CGGamesApp.swift */,
				8EBE42A92828D9FF0095767A /* AppConfig.swift */,
				8E7C7569282B4F150016067A /* GabeNewell.json */,
				8E00FE282828CE0800190DF2 /* Model */,
				8EBE42A52828D1230095767A /* Network */,
				8E00FE002828C77900190DF2 /* Preview Content */,
				8E7C755F282B3C4A0016067A /* Screens */,
				8E7C756D282B4FE60016067A /* Utils */,
				8E7C755C282B32A20016067A /* View */,
			);
			path = CGGames;
			sourceTree = "<group>";
		};
		8E00FE002828C77900190DF2 /* Preview Content */ = {
			isa = PBXGroup;
			children = (
				8E00FE012828C77900190DF2 /* Preview Assets.xcassets */,
			);
			path = "Preview Content";
			sourceTree = "<group>";
		};
		8E00FE0A2828C77900190DF2 /* CGGamesTests */ = {
			isa = PBXGroup;
			children = (
				8E00FE0B2828C77900190DF2 /* CGGamesTests.swift */,
			);
			path = CGGamesTests;
			sourceTree = "<group>";
		};
		8E00FE142828C77900190DF2 /* CGGamesUITests */ = {
			isa = PBXGroup;
			children = (
				8E00FE152828C77900190DF2 /* CGGamesUITests.swift */,
				8E00FE172828C77900190DF2 /* CGGamesUITestsLaunchTests.swift */,
			);
			path = CGGamesUITests;
			sourceTree = "<group>";
		};
		8E00FE282828CE0800190DF2 /* Model */ = {
			isa = PBXGroup;
			children = (
				8E00FE292828CE1400190DF2 /* Game.swift */,
				8E7C755A282B30660016067A /* GamePlatform.swift */,
				8E7C7567282B4DAC0016067A /* GameCreator.swift */,
			);
			path = Model;
			sourceTree = "<group>";
		};
		8E7C755C282B32A20016067A /* View */ = {
			isa = PBXGroup;
			children = (
				8E00FE262828CBC700190DF2 /* GameRowView.swift */,
			);
			path = View;
			sourceTree = "<group>";
		};
		8E7C755F282B3C4A0016067A /* Screens */ = {
			isa = PBXGroup;
			children = (
				8E00FDFC2828C77900190DF2 /* ContentView.swift */,
				8E7C7561282B3C730016067A /* Profile */,
				8E7C7560282B3C540016067A /* GamePlatforms */,
			);
			path = Screens;
			sourceTree = "<group>";
		};
		8E7C7560282B3C540016067A /* GamePlatforms */ = {
			isa = PBXGroup;
			children = (
				8E7C755D282B36CD0016067A /* GamePlatformsView.swift */,
				8E00FE242828C83D00190DF2 /* GamesViewModel.swift */,
				8E281B112AE8CABB00EAC824 /* GameFeature.swift */,
			);
			path = GamePlatforms;
			sourceTree = "<group>";
		};
		8E7C7561282B3C730016067A /* Profile */ = {
			isa = PBXGroup;
			children = (
				8E7C7562282B3C9C0016067A /* ProfileView.swift */,
				8E7C7570282B53380016067A /* ProfileViewModel.swift */,
			);
			path = Profile;
			sourceTree = "<group>";
		};
		8E7C756D282B4FE60016067A /* Utils */ = {
			isa = PBXGroup;
			children = (
				8E7C756E282B4FF40016067A /* JsonParser.swift */,
			);
			path = Utils;
			sourceTree = "<group>";
		};
		8EBE42A52828D1230095767A /* Network */ = {
			isa = PBXGroup;
			children = (
				8EBE42AB2828DB180095767A /* Services */,
				8EBE42A82828D13A0095767A /* Models */,
			);
			path = Network;
			sourceTree = "<group>";
		};
		8EBE42A82828D13A0095767A /* Models */ = {
			isa = PBXGroup;
			children = (
				8EBE42AE2828DCFE0095767A /* GamePlatformResponse.swift */,
			);
			path = Models;
			sourceTree = "<group>";
		};
		8EBE42AB2828DB180095767A /* Services */ = {
			isa = PBXGroup;
			children = (
				8EBE42AC2828DB230095767A /* GameService.swift */,
			);
			path = Services;
			sourceTree = "<group>";
		};
/* End PBXGroup section */

/* Begin PBXNativeTarget section */
		8E00FDF62828C77900190DF2 /* CGGames */ = {
			isa = PBXNativeTarget;
			buildConfigurationList = 8E00FE1B2828C77900190DF2 /* Build configuration list for PBXNativeTarget "CGGames" */;
			buildPhases = (
				8E00FDF32828C77900190DF2 /* Sources */,
				8E00FDF42828C77900190DF2 /* Frameworks */,
				8E00FDF52828C77900190DF2 /* Resources */,
			);
			buildRules = (
			);
			dependencies = (
			);
			name = CGGames;
			packageProductDependencies = (
				8E7C7565282B44F60016067A /* StatefulTabView */,
				8E281B0F2AE8CA8800EAC824 /* ComposableArchitecture */,
			);
			productName = CGGames;
			productReference = 8E00FDF72828C77900190DF2 /* CGGames.app */;
			productType = "com.apple.product-type.application";
		};
		8E00FE062828C77900190DF2 /* CGGamesTests */ = {
			isa = PBXNativeTarget;
			buildConfigurationList = 8E00FE1E2828C77900190DF2 /* Build configuration list for PBXNativeTarget "CGGamesTests" */;
			buildPhases = (
				8E00FE032828C77900190DF2 /* Sources */,
				8E00FE042828C77900190DF2 /* Frameworks */,
				8E00FE052828C77900190DF2 /* Resources */,
			);
			buildRules = (
			);
			dependencies = (
				8E00FE092828C77900190DF2 /* PBXTargetDependency */,
			);
			name = CGGamesTests;
			productName = CGGamesTests;
			productReference = 8E00FE072828C77900190DF2 /* CGGamesTests.xctest */;
			productType = "com.apple.product-type.bundle.unit-test";
		};
		8E00FE102828C77900190DF2 /* CGGamesUITests */ = {
			isa = PBXNativeTarget;
			buildConfigurationList = 8E00FE212828C77900190DF2 /* Build configuration list for PBXNativeTarget "CGGamesUITests" */;
			buildPhases = (
				8E00FE0D2828C77900190DF2 /* Sources */,
				8E00FE0E2828C77900190DF2 /* Frameworks */,
				8E00FE0F2828C77900190DF2 /* Resources */,
			);
			buildRules = (
			);
			dependencies = (
				8E00FE132828C77900190DF2 /* PBXTargetDependency */,
			);
			name = CGGamesUITests;
			productName = CGGamesUITests;
			productReference = 8E00FE112828C77900190DF2 /* CGGamesUITests.xctest */;
			productType = "com.apple.product-type.bundle.ui-testing";
		};
/* End PBXNativeTarget section */

/* Begin PBXProject section */
		8E00FDEF2828C77900190DF2 /* Project object */ = {
			isa = PBXProject;
			attributes = {
				BuildIndependentTargetsInParallel = 1;
				LastSwiftUpdateCheck = 1330;
				LastUpgradeCheck = 1330;
				TargetAttributes = {
					8E00FDF62828C77900190DF2 = {
						CreatedOnToolsVersion = 13.3.1;
					};
					8E00FE062828C77900190DF2 = {
						CreatedOnToolsVersion = 13.3.1;
						TestTargetID = 8E00FDF62828C77900190DF2;
					};
					8E00FE102828C77900190DF2 = {
						CreatedOnToolsVersion = 13.3.1;
						TestTargetID = 8E00FDF62828C77900190DF2;
					};
				};
			};
			buildConfigurationList = 8E00FDF22828C77900190DF2 /* Build configuration list for PBXProject "CGGames" */;
			compatibilityVersion = "Xcode 13.0";
			developmentRegion = en;
			hasScannedForEncodings = 0;
			knownRegions = (
				en,
				Base,
			);
			mainGroup = 8E00FDEE2828C77900190DF2;
			packageReferences = (
				8E7C7564282B44F60016067A /* XCRemoteSwiftPackageReference "StatefulTabView" */,
				8E281B0E2AE8CA8800EAC824 /* XCRemoteSwiftPackageReference "swift-composable-architecture" */,
			);
			productRefGroup = 8E00FDF82828C77900190DF2 /* Products */;
			projectDirPath = "";
			projectRoot = "";
			targets = (
				8E00FDF62828C77900190DF2 /* CGGames */,
				8E00FE062828C77900190DF2 /* CGGamesTests */,
				8E00FE102828C77900190DF2 /* CGGamesUITests */,
			);
		};
/* End PBXProject section */

/* Begin PBXResourcesBuildPhase section */
		8E00FDF52828C77900190DF2 /* Resources */ = {
			isa = PBXResourcesBuildPhase;
			buildActionMask = 2147483647;
			files = (
				8E00FE022828C77900190DF2 /* Preview Assets.xcassets in Resources */,
				8E7C756A282B4F150016067A /* GabeNewell.json in Resources */,
				8E00FDFF2828C77900190DF2 /* Assets.xcassets in Resources */,
				8ED632A4282C132700015725 /* Rawg-Info.plist in Resources */,
			);
			runOnlyForDeploymentPostprocessing = 0;
		};
		8E00FE052828C77900190DF2 /* Resources */ = {
			isa = PBXResourcesBuildPhase;
			buildActionMask = 2147483647;
			files = (
			);
			runOnlyForDeploymentPostprocessing = 0;
		};
		8E00FE0F2828C77900190DF2 /* Resources */ = {
			isa = PBXResourcesBuildPhase;
			buildActionMask = 2147483647;
			files = (
			);
			runOnlyForDeploymentPostprocessing = 0;
		};
/* End PBXResourcesBuildPhase section */

/* Begin PBXSourcesBuildPhase section */
		8E00FDF32828C77900190DF2 /* Sources */ = {
			isa = PBXSourcesBuildPhase;
			buildActionMask = 2147483647;
			files = (
				8E00FDFD2828C77900190DF2 /* ContentView.swift in Sources */,
				8E7C755E282B36CD0016067A /* GamePlatformsView.swift in Sources */,
				8E7C7568282B4DAC0016067A /* GameCreator.swift in Sources */,
				8E00FE2A2828CE1400190DF2 /* Game.swift in Sources */,
				8E00FDFB2828C77900190DF2 /* CGGamesApp.swift in Sources */,
				8E7C755B282B30660016067A /* GamePlatform.swift in Sources */,
				8EBE42AF2828DCFE0095767A /* GamePlatformResponse.swift in Sources */,
				8EBE42AA2828D9FF0095767A /* AppConfig.swift in Sources */,
				8E7C7571282B53380016067A /* ProfileViewModel.swift in Sources */,
				8E281B122AE8CABB00EAC824 /* GameFeature.swift in Sources */,
				8E7C756F282B4FF40016067A /* JsonParser.swift in Sources */,
				8E00FE272828CBC700190DF2 /* GameRowView.swift in Sources */,
				8E00FE252828C83D00190DF2 /* GamesViewModel.swift in Sources */,
				8E7C7563282B3C9C0016067A /* ProfileView.swift in Sources */,
				8EBE42AD2828DB230095767A /* GameService.swift in Sources */,
			);
			runOnlyForDeploymentPostprocessing = 0;
		};
		8E00FE032828C77900190DF2 /* Sources */ = {
			isa = PBXSourcesBuildPhase;
			buildActionMask = 2147483647;
			files = (
				8E00FE0C2828C77900190DF2 /* CGGamesTests.swift in Sources */,
			);
			runOnlyForDeploymentPostprocessing = 0;
		};
		8E00FE0D2828C77900190DF2 /* Sources */ = {
			isa = PBXSourcesBuildPhase;
			buildActionMask = 2147483647;
			files = (
				8E00FE182828C77900190DF2 /* CGGamesUITestsLaunchTests.swift in Sources */,
				8E00FE162828C77900190DF2 /* CGGamesUITests.swift in Sources */,
			);
			runOnlyForDeploymentPostprocessing = 0;
		};
/* End PBXSourcesBuildPhase section */

/* Begin PBXTargetDependency section */
		8E00FE092828C77900190DF2 /* PBXTargetDependency */ = {
			isa = PBXTargetDependency;
			target = 8E00FDF62828C77900190DF2 /* CGGames */;
			targetProxy = 8E00FE082828C77900190DF2 /* PBXContainerItemProxy */;
		};
		8E00FE132828C77900190DF2 /* PBXTargetDependency */ = {
			isa = PBXTargetDependency;
			target = 8E00FDF62828C77900190DF2 /* CGGames */;
			targetProxy = 8E00FE122828C77900190DF2 /* PBXContainerItemProxy */;
		};
/* End PBXTargetDependency section */

/* Begin XCBuildConfiguration section */
		8E00FE192828C77900190DF2 /* Debug */ = {
			isa = XCBuildConfiguration;
			buildSettings = {
				ALWAYS_SEARCH_USER_PATHS = NO;
				CLANG_ANALYZER_NONNULL = YES;
				CLANG_ANALYZER_NUMBER_OBJECT_CONVERSION = YES_AGGRESSIVE;
				CLANG_CXX_LANGUAGE_STANDARD = "gnu++17";
				CLANG_ENABLE_MODULES = YES;
				CLANG_ENABLE_OBJC_ARC = YES;
				CLANG_ENABLE_OBJC_WEAK = YES;
				CLANG_WARN_BLOCK_CAPTURE_AUTORELEASING = YES;
				CLANG_WARN_BOOL_CONVERSION = YES;
				CLANG_WARN_COMMA = YES;
				CLANG_WARN_CONSTANT_CONVERSION = YES;
				CLANG_WARN_DEPRECATED_OBJC_IMPLEMENTATIONS = YES;
				CLANG_WARN_DIRECT_OBJC_ISA_USAGE = YES_ERROR;
				CLANG_WARN_DOCUMENTATION_COMMENTS = YES;
				CLANG_WARN_EMPTY_BODY = YES;
				CLANG_WARN_ENUM_CONVERSION = YES;
				CLANG_WARN_INFINITE_RECURSION = YES;
				CLANG_WARN_INT_CONVERSION = YES;
				CLANG_WARN_NON_LITERAL_NULL_CONVERSION = YES;
				CLANG_WARN_OBJC_IMPLICIT_RETAIN_SELF = YES;
				CLANG_WARN_OBJC_LITERAL_CONVERSION = YES;
				CLANG_WARN_OBJC_ROOT_CLASS = YES_ERROR;
				CLANG_WARN_QUOTED_INCLUDE_IN_FRAMEWORK_HEADER = YES;
				CLANG_WARN_RANGE_LOOP_ANALYSIS = YES;
				CLANG_WARN_STRICT_PROTOTYPES = YES;
				CLANG_WARN_SUSPICIOUS_MOVE = YES;
				CLANG_WARN_UNGUARDED_AVAILABILITY = YES_AGGRESSIVE;
				CLANG_WARN_UNREACHABLE_CODE = YES;
				CLANG_WARN__DUPLICATE_METHOD_MATCH = YES;
				COPY_PHASE_STRIP = NO;
				DEBUG_INFORMATION_FORMAT = dwarf;
				ENABLE_STRICT_OBJC_MSGSEND = YES;
				ENABLE_TESTABILITY = YES;
				GCC_C_LANGUAGE_STANDARD = gnu11;
				GCC_DYNAMIC_NO_PIC = NO;
				GCC_NO_COMMON_BLOCKS = YES;
				GCC_OPTIMIZATION_LEVEL = 0;
				GCC_PREPROCESSOR_DEFINITIONS = (
					"DEBUG=1",
					"$(inherited)",
				);
				GCC_WARN_64_TO_32_BIT_CONVERSION = YES;
				GCC_WARN_ABOUT_RETURN_TYPE = YES_ERROR;
				GCC_WARN_UNDECLARED_SELECTOR = YES;
				GCC_WARN_UNINITIALIZED_AUTOS = YES_AGGRESSIVE;
				GCC_WARN_UNUSED_FUNCTION = YES;
				GCC_WARN_UNUSED_VARIABLE = YES;
				IPHONEOS_DEPLOYMENT_TARGET = 15.4;
				MTL_ENABLE_DEBUG_INFO = INCLUDE_SOURCE;
				MTL_FAST_MATH = YES;
				ONLY_ACTIVE_ARCH = YES;
				SDKROOT = iphoneos;
				SWIFT_ACTIVE_COMPILATION_CONDITIONS = DEBUG;
				SWIFT_OPTIMIZATION_LEVEL = "-Onone";
			};
			name = Debug;
		};
		8E00FE1A2828C77900190DF2 /* Release */ = {
			isa = XCBuildConfiguration;
			buildSettings = {
				ALWAYS_SEARCH_USER_PATHS = NO;
				CLANG_ANALYZER_NONNULL = YES;
				CLANG_ANALYZER_NUMBER_OBJECT_CONVERSION = YES_AGGRESSIVE;
				CLANG_CXX_LANGUAGE_STANDARD = "gnu++17";
				CLANG_ENABLE_MODULES = YES;
				CLANG_ENABLE_OBJC_ARC = YES;
				CLANG_ENABLE_OBJC_WEAK = YES;
				CLANG_WARN_BLOCK_CAPTURE_AUTORELEASING = YES;
				CLANG_WARN_BOOL_CONVERSION = YES;
				CLANG_WARN_COMMA = YES;
				CLANG_WARN_CONSTANT_CONVERSION = YES;
				CLANG_WARN_DEPRECATED_OBJC_IMPLEMENTATIONS = YES;
				CLANG_WARN_DIRECT_OBJC_ISA_USAGE = YES_ERROR;
				CLANG_WARN_DOCUMENTATION_COMMENTS = YES;
				CLANG_WARN_EMPTY_BODY = YES;
				CLANG_WARN_ENUM_CONVERSION = YES;
				CLANG_WARN_INFINITE_RECURSION = YES;
				CLANG_WARN_INT_CONVERSION = YES;
				CLANG_WARN_NON_LITERAL_NULL_CONVERSION = YES;
				CLANG_WARN_OBJC_IMPLICIT_RETAIN_SELF = YES;
				CLANG_WARN_OBJC_LITERAL_CONVERSION = YES;
				CLANG_WARN_OBJC_ROOT_CLASS = YES_ERROR;
				CLANG_WARN_QUOTED_INCLUDE_IN_FRAMEWORK_HEADER = YES;
				CLANG_WARN_RANGE_LOOP_ANALYSIS = YES;
				CLANG_WARN_STRICT_PROTOTYPES = YES;
				CLANG_WARN_SUSPICIOUS_MOVE = YES;
				CLANG_WARN_UNGUARDED_AVAILABILITY = YES_AGGRESSIVE;
				CLANG_WARN_UNREACHABLE_CODE = YES;
				CLANG_WARN__DUPLICATE_METHOD_MATCH = YES;
				COPY_PHASE_STRIP = NO;
				DEBUG_INFORMATION_FORMAT = "dwarf-with-dsym";
				ENABLE_NS_ASSERTIONS = NO;
				ENABLE_STRICT_OBJC_MSGSEND = YES;
				GCC_C_LANGUAGE_STANDARD = gnu11;
				GCC_NO_COMMON_BLOCKS = YES;
				GCC_WARN_64_TO_32_BIT_CONVERSION = YES;
				GCC_WARN_ABOUT_RETURN_TYPE = YES_ERROR;
				GCC_WARN_UNDECLARED_SELECTOR = YES;
				GCC_WARN_UNINITIALIZED_AUTOS = YES_AGGRESSIVE;
				GCC_WARN_UNUSED_FUNCTION = YES;
				GCC_WARN_UNUSED_VARIABLE = YES;
				IPHONEOS_DEPLOYMENT_TARGET = 15.4;
				MTL_ENABLE_DEBUG_INFO = NO;
				MTL_FAST_MATH = YES;
				SDKROOT = iphoneos;
				SWIFT_COMPILATION_MODE = wholemodule;
				SWIFT_OPTIMIZATION_LEVEL = "-O";
				VALIDATE_PRODUCT = YES;
			};
			name = Release;
		};
		8E00FE1C2828C77900190DF2 /* Debug */ = {
			isa = XCBuildConfiguration;
			buildSettings = {
				ASSETCATALOG_COMPILER_APPICON_NAME = AppIcon;
				ASSETCATALOG_COMPILER_GLOBAL_ACCENT_COLOR_NAME = AccentColor;
				CODE_SIGN_STYLE = Automatic;
				CURRENT_PROJECT_VERSION = 1;
				DEVELOPMENT_ASSET_PATHS = "\"CGGames/Preview Content\"";
				DEVELOPMENT_TEAM = CK73TEP9E9;
				ENABLE_PREVIEWS = YES;
				GENERATE_INFOPLIST_FILE = YES;
				INFOPLIST_KEY_UIApplicationSceneManifest_Generation = YES;
				INFOPLIST_KEY_UIApplicationSupportsIndirectInputEvents = YES;
				INFOPLIST_KEY_UILaunchScreen_Generation = YES;
				INFOPLIST_KEY_UISupportedInterfaceOrientations_iPad = "UIInterfaceOrientationPortrait UIInterfaceOrientationPortraitUpsideDown UIInterfaceOrientationLandscapeLeft UIInterfaceOrientationLandscapeRight";
				INFOPLIST_KEY_UISupportedInterfaceOrientations_iPhone = "UIInterfaceOrientationPortrait UIInterfaceOrientationLandscapeLeft UIInterfaceOrientationLandscapeRight";
				LD_RUNPATH_SEARCH_PATHS = (
					"$(inherited)",
					"@executable_path/Frameworks",
				);
				MARKETING_VERSION = 1.0;
				PRODUCT_BUNDLE_IDENTIFIER = com.moisespedro.CGGames;
				PRODUCT_NAME = "$(TARGET_NAME)";
				SWIFT_EMIT_LOC_STRINGS = YES;
				SWIFT_VERSION = 5.0;
				TARGETED_DEVICE_FAMILY = "1,2";
			};
			name = Debug;
		};
		8E00FE1D2828C77900190DF2 /* Release */ = {
			isa = XCBuildConfiguration;
			buildSettings = {
				ASSETCATALOG_COMPILER_APPICON_NAME = AppIcon;
				ASSETCATALOG_COMPILER_GLOBAL_ACCENT_COLOR_NAME = AccentColor;
				CODE_SIGN_STYLE = Automatic;
				CURRENT_PROJECT_VERSION = 1;
				DEVELOPMENT_ASSET_PATHS = "\"CGGames/Preview Content\"";
				DEVELOPMENT_TEAM = CK73TEP9E9;
				ENABLE_PREVIEWS = YES;
				GENERATE_INFOPLIST_FILE = YES;
				INFOPLIST_KEY_UIApplicationSceneManifest_Generation = YES;
				INFOPLIST_KEY_UIApplicationSupportsIndirectInputEvents = YES;
				INFOPLIST_KEY_UILaunchScreen_Generation = YES;
				INFOPLIST_KEY_UISupportedInterfaceOrientations_iPad = "UIInterfaceOrientationPortrait UIInterfaceOrientationPortraitUpsideDown UIInterfaceOrientationLandscapeLeft UIInterfaceOrientationLandscapeRight";
				INFOPLIST_KEY_UISupportedInterfaceOrientations_iPhone = "UIInterfaceOrientationPortrait UIInterfaceOrientationLandscapeLeft UIInterfaceOrientationLandscapeRight";
				LD_RUNPATH_SEARCH_PATHS = (
					"$(inherited)",
					"@executable_path/Frameworks",
				);
				MARKETING_VERSION = 1.0;
				PRODUCT_BUNDLE_IDENTIFIER = com.moisespedro.CGGames;
				PRODUCT_NAME = "$(TARGET_NAME)";
				SWIFT_EMIT_LOC_STRINGS = YES;
				SWIFT_VERSION = 5.0;
				TARGETED_DEVICE_FAMILY = "1,2";
			};
			name = Release;
		};
		8E00FE1F2828C77900190DF2 /* Debug */ = {
			isa = XCBuildConfiguration;
			buildSettings = {
				ALWAYS_EMBED_SWIFT_STANDARD_LIBRARIES = YES;
				BUNDLE_LOADER = "$(TEST_HOST)";
				CODE_SIGN_STYLE = Automatic;
				CURRENT_PROJECT_VERSION = 1;
				DEVELOPMENT_TEAM = H5CA9ER6D3;
				GENERATE_INFOPLIST_FILE = YES;
				IPHONEOS_DEPLOYMENT_TARGET = 15.4;
				MARKETING_VERSION = 1.0;
				PRODUCT_BUNDLE_IDENTIFIER = com.moisespedro.CGGamesTests;
				PRODUCT_NAME = "$(TARGET_NAME)";
				SWIFT_EMIT_LOC_STRINGS = NO;
				SWIFT_VERSION = 5.0;
				TARGETED_DEVICE_FAMILY = "1,2";
				TEST_HOST = "$(BUILT_PRODUCTS_DIR)/CGGames.app/CGGames";
			};
			name = Debug;
		};
		8E00FE202828C77900190DF2 /* Release */ = {
			isa = XCBuildConfiguration;
			buildSettings = {
				ALWAYS_EMBED_SWIFT_STANDARD_LIBRARIES = YES;
				BUNDLE_LOADER = "$(TEST_HOST)";
				CODE_SIGN_STYLE = Automatic;
				CURRENT_PROJECT_VERSION = 1;
				DEVELOPMENT_TEAM = H5CA9ER6D3;
				GENERATE_INFOPLIST_FILE = YES;
				IPHONEOS_DEPLOYMENT_TARGET = 15.4;
				MARKETING_VERSION = 1.0;
				PRODUCT_BUNDLE_IDENTIFIER = com.moisespedro.CGGamesTests;
				PRODUCT_NAME = "$(TARGET_NAME)";
				SWIFT_EMIT_LOC_STRINGS = NO;
				SWIFT_VERSION = 5.0;
				TARGETED_DEVICE_FAMILY = "1,2";
				TEST_HOST = "$(BUILT_PRODUCTS_DIR)/CGGames.app/CGGames";
			};
			name = Release;
		};
		8E00FE222828C77900190DF2 /* Debug */ = {
			isa = XCBuildConfiguration;
			buildSettings = {
				ALWAYS_EMBED_SWIFT_STANDARD_LIBRARIES = YES;
				CODE_SIGN_STYLE = Automatic;
				CURRENT_PROJECT_VERSION = 1;
				DEVELOPMENT_TEAM = H5CA9ER6D3;
				GENERATE_INFOPLIST_FILE = YES;
				MARKETING_VERSION = 1.0;
				PRODUCT_BUNDLE_IDENTIFIER = com.moisespedro.CGGamesUITests;
				PRODUCT_NAME = "$(TARGET_NAME)";
				SWIFT_EMIT_LOC_STRINGS = NO;
				SWIFT_VERSION = 5.0;
				TARGETED_DEVICE_FAMILY = "1,2";
				TEST_TARGET_NAME = CGGames;
			};
			name = Debug;
		};
		8E00FE232828C77900190DF2 /* Release */ = {
			isa = XCBuildConfiguration;
			buildSettings = {
				ALWAYS_EMBED_SWIFT_STANDARD_LIBRARIES = YES;
				CODE_SIGN_STYLE = Automatic;
				CURRENT_PROJECT_VERSION = 1;
				DEVELOPMENT_TEAM = H5CA9ER6D3;
				GENERATE_INFOPLIST_FILE = YES;
				MARKETING_VERSION = 1.0;
				PRODUCT_BUNDLE_IDENTIFIER = com.moisespedro.CGGamesUITests;
				PRODUCT_NAME = "$(TARGET_NAME)";
				SWIFT_EMIT_LOC_STRINGS = NO;
				SWIFT_VERSION = 5.0;
				TARGETED_DEVICE_FAMILY = "1,2";
				TEST_TARGET_NAME = CGGames;
			};
			name = Release;
		};
/* End XCBuildConfiguration section */

/* Begin XCConfigurationList section */
		8E00FDF22828C77900190DF2 /* Build configuration list for PBXProject "CGGames" */ = {
			isa = XCConfigurationList;
			buildConfigurations = (
				8E00FE192828C77900190DF2 /* Debug */,
				8E00FE1A2828C77900190DF2 /* Release */,
			);
			defaultConfigurationIsVisible = 0;
			defaultConfigurationName = Release;
		};
		8E00FE1B2828C77900190DF2 /* Build configuration list for PBXNativeTarget "CGGames" */ = {
			isa = XCConfigurationList;
			buildConfigurations = (
				8E00FE1C2828C77900190DF2 /* Debug */,
				8E00FE1D2828C77900190DF2 /* Release */,
			);
			defaultConfigurationIsVisible = 0;
			defaultConfigurationName = Release;
		};
		8E00FE1E2828C77900190DF2 /* Build configuration list for PBXNativeTarget "CGGamesTests" */ = {
			isa = XCConfigurationList;
			buildConfigurations = (
				8E00FE1F2828C77900190DF2 /* Debug */,
				8E00FE202828C77900190DF2 /* Release */,
			);
			defaultConfigurationIsVisible = 0;
			defaultConfigurationName = Release;
		};
		8E00FE212828C77900190DF2 /* Build configuration list for PBXNativeTarget "CGGamesUITests" */ = {
			isa = XCConfigurationList;
			buildConfigurations = (
				8E00FE222828C77900190DF2 /* Debug */,
				8E00FE232828C77900190DF2 /* Release */,
			);
			defaultConfigurationIsVisible = 0;
			defaultConfigurationName = Release;
		};
/* End XCConfigurationList section */

/* Begin XCRemoteSwiftPackageReference section */
		8E281B0E2AE8CA8800EAC824 /* XCRemoteSwiftPackageReference "swift-composable-architecture" */ = {
			isa = XCRemoteSwiftPackageReference;
			repositoryURL = "https://github.com/pointfreeco/swift-composable-architecture";
			requirement = {
				kind = upToNextMajorVersion;
				minimumVersion = 1.2.0;
			};
		};
		8E7C7564282B44F60016067A /* XCRemoteSwiftPackageReference "StatefulTabView" */ = {
			isa = XCRemoteSwiftPackageReference;
			repositoryURL = "https://github.com/NicholasBellucci/StatefulTabView";
			requirement = {
				branch = master;
				kind = branch;
			};
		};
/* End XCRemoteSwiftPackageReference section */

/* Begin XCSwiftPackageProductDependency section */
		8E281B0F2AE8CA8800EAC824 /* ComposableArchitecture */ = {
			isa = XCSwiftPackageProductDependency;
			package = 8E281B0E2AE8CA8800EAC824 /* XCRemoteSwiftPackageReference "swift-composable-architecture" */;
			productName = ComposableArchitecture;
		};
		8E7C7565282B44F60016067A /* StatefulTabView */ = {
			isa = XCSwiftPackageProductDependency;
			package = 8E7C7564282B44F60016067A /* XCRemoteSwiftPackageReference "StatefulTabView" */;
			productName = StatefulTabView;
		};
/* End XCSwiftPackageProductDependency section */
	};
	rootObject = 8E00FDEF2828C77900190DF2 /* Project object */;
}
